<Solution>
  <Folder Name="/packages/" />
  <Folder Name="/packages/dotnet-service-defaults/">
    <Project Path="packages/dotnet-service-defaults/Telumera.ServiceDefaults.csproj" />
  </Folder>
  <Folder Name="/packages/event-contracts/">
    <Project Path="packages/event-contracts/Telumera.EventContracts.csproj" />
  </Folder>
  <Folder Name="/templates/" />
  <Folder Name="/templates/api-service/">
    <Project Path="templates/api-service/ApiServiceTemplate.csproj" />
  </Folder>
  <Folder Name="/templates/worker-service/">
    <Project Path="templates/worker-service/WorkerServiceTemplate.csproj" />
  </Folder>
  <Folder Name="/gateway/">
    <Project Path="gateway/Telumera.Gateway.csproj" />
  </Folder>
  <Folder Name="/services/" />
  <Folder Name="/services/identity-workspace/">
    <Project Path="services/identity-workspace/Telumera.Services.IdentityWorkspace.Api.csproj" />
  </Folder>
  <Folder Name="/services/site-registry/">
    <Project Path="services/site-registry/Telumera.Services.SiteRegistry.Api.csproj" />
  </Folder>
  <Folder Name="/tests/" />
  <Folder Name="/tests/integration/">
    <Project Path="tests/integration/Telumera.Tests.Integration/Telumera.Tests.Integration.csproj" />
  </Folder>
</Solution>
